 // !$*UTF8*$!
{
 archiveVersion = 1;
 classes = {};
 objectVersion = 56;

 objects = {

/* Begin PBXFileReference section */

APP_PRODUCT = {
 isa = PBXFileReference;
 explicitFileType = wrapper.application;
 path = MineBot.app;
 sourceTree = BUILT_PRODUCTS_DIR;
};

INFOPLIST = {
 isa = PBXFileReference;
 lastKnownFileType = text.plist.xml;
 path = Info.plist;
 sourceTree = "<group>";
};

/* End PBXFileReference section */


/* Begin PBXGroup section */

MAIN_GROUP = {
 isa = PBXGroup;
 children = (
  INFOPLIST,
 );
 sourceTree = "<group>";
};

/* End PBXGroup section */


/* Begin PBXSourcesBuildPhase section */

SOURCES = {
 isa = PBXSourcesBuildPhase;
 buildActionMask = 2147483647;
 files = (
 );
 runOnlyForDeploymentPostprocessing = 0;
};

/* End PBXSourcesBuildPhase section */


/* Begin XCBuildConfiguration section */

DEBUG_CONFIG = {
 isa = XCBuildConfiguration;
 buildSettings = {
  PRODUCT_NAME = MineBot;
  SDKROOT = iphoneos;
  SWIFT_VERSION = 5.0;
  IPHONEOS_DEPLOYMENT_TARGET = 16.0;
  INFOPLIST_FILE = Info.plist;
 };
 name = Debug;
};

RELEASE_CONFIG = {
 isa = XCBuildConfiguration;
 buildSettings = {
  PRODUCT_NAME = MineBot;
  SDKROOT = iphoneos;
  SWIFT_VERSION = 5.0;
  IPHONEOS_DEPLOYMENT_TARGET = 16.0;
  INFOPLIST_FILE = Info.plist;
 };
 name = Release;
};

/* End XCBuildConfiguration section */


/* Begin XCConfigurationList section */

PROJECT_CONFIG_LIST = {
 isa = XCConfigurationList;
 buildConfigurations = (
  DEBUG_CONFIG,
  RELEASE_CONFIG,
 );
 defaultConfigurationIsVisible = 0;
 defaultConfigurationName = Release;
};

TARGET_CONFIG_LIST = {
 isa = XCConfigurationList;
 buildConfigurations = (
  DEBUG_CONFIG,
  RELEASE_CONFIG,
 );
 defaultConfigurationIsVisible = 0;
 defaultConfigurationName = Release;
};

/* End XCConfigurationList section */


/* Begin PBXNativeTarget section */

TARGET_MINEBOT = {
 isa = PBXNativeTarget;
 buildConfigurationList = TARGET_CONFIG_LIST;
 buildPhases = (
  SOURCES,
 );
 buildRules = ();
 dependencies = ();
 name = MineBot;
 productName = MineBot;
 productReference = APP_PRODUCT;
 productType = "com.apple.product-type.application";
};

/* End PBXNativeTarget section */


/* Begin PBXProject section */

PROJECT = {
 isa = PBXProject;
 buildConfigurationList = PROJECT_CONFIG_LIST;
 compatibilityVersion = "Xcode 14.0";
 mainGroup = MAIN_GROUP;
 productRefGroup = MAIN_GROUP;
 targets = (
  TARGET_MINEBOT,
 );
};

/* End PBXProject section */

 };

 rootObject = PROJECT;
}
